
Microsoft Visual Studio Solution File, Format Version 12.00
# Visual Studio Version 17
VisualStudioVersion = 17.8.34316.72
MinimumVisualStudioVersion = 10.0.40219.1
Project("{888888A0-9F3D-457C-B088-3A5042F75D52}") = "Quick sort", "Quick sort.pyproj", "{4A6D5D0E-0C51-4B94-8685-A8F0E08DF589}"
EndProject
Global
	GlobalSection(SolutionConfigurationPlatforms) = preSolution
		Debug|Any CPU = Debug|Any CPU
		Release|Any CPU = Release|Any CPU
	EndGlobalSection
	GlobalSection(ProjectConfigurationPlatforms) = postSolution
		{4A6D5D0E-0C51-4B94-8685-A8F0E08DF589}.Debug|Any CPU.ActiveCfg = Debug|Any CPU
		{4A6D5D0E-0C51-4B94-8685-A8F0E08DF589}.Release|Any CPU.ActiveCfg = Release|Any CPU
	EndGlobalSection
	GlobalSection(SolutionProperties) = preSolution
		HideSolutionNode = FALSE
	EndGlobalSection
	GlobalSection(ExtensibilityGlobals) = postSolution
		SolutionGuid = {46F5B69C-376B-4421-98D7-8A58F2258EF4}
	EndGlobalSection
EndGlobal
